
Microsoft Visual Studio Solution File, Format Version 12.00
# Visual Studio Version 17
VisualStudioVersion = 17.4.33122.133
MinimumVisualStudioVersion = 10.0.40219.1
Project("{2150E333-8FDC-42A3-9474-1A3956D46DE8}") = "ShopManagement", "ShopManagement", "{D8FCB15B-D69C-4AC6-8BF2-FEA277D6A68B}"
EndProject
Project("{2150E333-8FDC-42A3-9474-1A3956D46DE8}") = "SM.Domain", "SM.Domain", "{B44FA8C8-9FC9-4C4A-AD89-722383D349B9}"
EndProject
Project("{9A19103F-16F7-4668-BE54-9A1E7A4F7556}") = "ShopManagement.Domain", "ShopManageme.Domain\ShopManagement.Domain.csproj", "{0B594D80-E931-4E69-B89A-6E72DE42DBDB}"
EndProject
Project("{9A19103F-16F7-4668-BE54-9A1E7A4F7556}") = "01_Framework", "01_Framework\01_Framework.csproj", "{0B00DE6B-5930-43A0-BE6A-A4B8D5F49C0D}"
EndProject
Project("{2150E333-8FDC-42A3-9474-1A3956D46DE8}") = "SM.Application", "SM.Application", "{5161101E-B9FB-4FF2-8CC2-59E9B718DBB6}"
EndProject
Project("{9A19103F-16F7-4668-BE54-9A1E7A4F7556}") = "ShopManagement.Application.Contract", "ShopManagement.Application.Contract\ShopManagement.Application.Contract.csproj", "{01EFF25B-1497-4FD3-8315-E35C0194BCEA}"
EndProject
Project("{9A19103F-16F7-4668-BE54-9A1E7A4F7556}") = "ShopManagement.Application", "ShopManagement.Application\ShopManagement.Application.csproj", "{C39AC2FB-46AC-4B3E-BD2D-D94164D3B54C}"
EndProject
Project("{2150E333-8FDC-42A3-9474-1A3956D46DE8}") = "SM.Infrastructure", "SM.Infrastructure", "{C30F6795-CA0A-44D9-AF7E-45F753C290A7}"
EndProject
Project("{9A19103F-16F7-4668-BE54-9A1E7A4F7556}") = "ShopManagement.Infrastructure.EfCore", "ShopManagement.Infrastructure.EfCore\ShopManagement.Infrastructure.EfCore.csproj", "{9D0A3DE6-A66C-43D1-B220-C104130DD5D6}"
EndProject
Project("{9A19103F-16F7-4668-BE54-9A1E7A4F7556}") = "ShopManagement.Infrastructure.Core", "ShopManagement.Infrastructure.Core\ShopManagement.Infrastructure.Core.csproj", "{CF4D1BFF-D0E0-4EC2-A823-68C10C74902A}"
EndProject
Project("{9A19103F-16F7-4668-BE54-9A1E7A4F7556}") = "ServiceHost", "ServiceHost\ServiceHost.csproj", "{206AE62F-882C-4AF2-AF49-A4830E9F10EF}"
EndProject
Project("{9A19103F-16F7-4668-BE54-9A1E7A4F7556}") = "02_LampShadeQuery", "02_LampShadeQuery\02_LampShadeQuery.csproj", "{5F7233AB-EC70-47AC-9C2F-B4F88297114E}"
EndProject
Project("{2150E333-8FDC-42A3-9474-1A3956D46DE8}") = "DiscountManagement", "DiscountManagement", "{70FF1E77-65B0-447A-94C7-FA3AB1627973}"
EndProject
Project("{2150E333-8FDC-42A3-9474-1A3956D46DE8}") = "DM.Domain", "DM.Domain", "{090080B5-6C5A-4ABF-9B8D-99C7E2E98C47}"
EndProject
Project("{2150E333-8FDC-42A3-9474-1A3956D46DE8}") = "DM.Application", "DM.Application", "{9936C317-39C5-4161-B74F-3DED2BAF158A}"
EndProject
Project("{2150E333-8FDC-42A3-9474-1A3956D46DE8}") = "DM.Infrastructure", "DM.Infrastructure", "{18FBDB94-C808-4036-8C64-CCF203A79C66}"
EndProject
Project("{9A19103F-16F7-4668-BE54-9A1E7A4F7556}") = "DiscountManagement.Domain", "DiscountManagement.Domain\DiscountManagement.Domain.csproj", "{AD382A50-A590-4AE9-9755-F8331EADE0C7}"
EndProject
Project("{9A19103F-16F7-4668-BE54-9A1E7A4F7556}") = "DiscountManagement.Application.Contract", "DiscountManagement.Application.Contract\DiscountManagement.Application.Contract.csproj", "{107DFDCB-B741-4BAB-86D0-52FCBC33964E}"
EndProject
Project("{9A19103F-16F7-4668-BE54-9A1E7A4F7556}") = "DiscountManagement.Application", "DiscountManagement.Application\DiscountManagement.Application.csproj", "{D58B4718-23D6-4181-8B13-25DDA150E426}"
EndProject
Project("{9A19103F-16F7-4668-BE54-9A1E7A4F7556}") = "DiscountManagement.Infrastructure.EfCore", "DiscountManagement.Infrastructure.EfCore\DiscountManagement.Infrastructure.EfCore.csproj", "{DD064F78-49A9-408A-9623-34E2EF7517AE}"
EndProject
Project("{9A19103F-16F7-4668-BE54-9A1E7A4F7556}") = "DiscountManagement.Infrastructure.Core", "DiscountManagement.Infrastructure.Core\DiscountManagement.Infrastructure.Core.csproj", "{21E32E38-38D3-4AC0-A54E-F364478F64BA}"
EndProject
Project("{2150E333-8FDC-42A3-9474-1A3956D46DE8}") = "InventoryManagement", "InventoryManagement", "{537655F0-7ADF-4421-BCE3-35B5A324566D}"
EndProject
Project("{2150E333-8FDC-42A3-9474-1A3956D46DE8}") = "IM.Domain", "IM.Domain", "{1F7EF8B4-5FC4-4E6D-8927-6856F2C3957F}"
EndProject
Project("{2150E333-8FDC-42A3-9474-1A3956D46DE8}") = "IM.Application", "IM.Application", "{B638355F-758A-4997-A8F3-529E72F30960}"
EndProject
Project("{2150E333-8FDC-42A3-9474-1A3956D46DE8}") = "IM.Infrastructure", "IM.Infrastructure", "{CFBD5C96-DB47-4C1F-84CC-3C3F453A7BC6}"
EndProject
Project("{9A19103F-16F7-4668-BE54-9A1E7A4F7556}") = "InventoryManagement.Domain", "InventoryManagement.Domain\InventoryManagement.Domain.csproj", "{D096AFCF-2EBB-480D-AFC9-EBFAE25BD81F}"
EndProject
Project("{9A19103F-16F7-4668-BE54-9A1E7A4F7556}") = "InventoryManagement.Application", "InventoryManagement.Application\InventoryManagement.Application.csproj", "{1E7383E9-2E3B-494C-9634-833A46E5C3BB}"
EndProject
Project("{9A19103F-16F7-4668-BE54-9A1E7A4F7556}") = "InventoryManagement.Application.Contract", "InventoryManagement.Application.Contract\InventoryManagement.Application.Contract.csproj", "{FF51500B-8DA5-4EB4-97E5-44AC4CA3E1C9}"
EndProject
Project("{9A19103F-16F7-4668-BE54-9A1E7A4F7556}") = "InventoryManagement.Infrustructure.EfCore", "InventoryManagement.Infrustructure.EfCore\InventoryManagement.Infrustructure.EfCore.csproj", "{11D51925-67C2-4169-A030-DBC919E3E0C2}"
EndProject
Project("{9A19103F-16F7-4668-BE54-9A1E7A4F7556}") = "InventoryManagement.Infrastructure.Core", "InventoryManagement.Infrastructure.Core\InventoryManagement.Infrastructure.Core.csproj", "{0605542A-4D77-48C1-8C36-9DD0EDA3DDE1}"
EndProject
Project("{2150E333-8FDC-42A3-9474-1A3956D46DE8}") = "BlogManagement", "BlogManagement", "{2F4C8FC0-9A5C-47C7-A6B7-2FDDA953B6FB}"
EndProject
Project("{2150E333-8FDC-42A3-9474-1A3956D46DE8}") = "BM.Doamin", "BM.Doamin", "{2803AD80-6649-4B01-BC84-0CB979E5A202}"
EndProject
Project("{2150E333-8FDC-42A3-9474-1A3956D46DE8}") = "BM.Application", "BM.Application", "{78F33204-1B7E-46DB-908B-D9F86C41AF44}"
EndProject
Project("{2150E333-8FDC-42A3-9474-1A3956D46DE8}") = "BM.Infrastructure", "BM.Infrastructure", "{9F730A9A-E12B-437F-8C51-B36991C53994}"
EndProject
Project("{9A19103F-16F7-4668-BE54-9A1E7A4F7556}") = "BlogManagement.Domain", "BlogManagement.Domain\BlogManagement.Domain.csproj", "{64521AFE-13B5-406E-BF4D-206050E26BB9}"
EndProject
Project("{FAE04EC0-301F-11D3-BF4B-00C04F79EFBC}") = "BlogManagement.Application", "BlogManagement.Application\BlogManagement.Application.csproj", "{473B70D9-E2EA-4E36-8953-1840078A3625}"
EndProject
Project("{FAE04EC0-301F-11D3-BF4B-00C04F79EFBC}") = "BlogManagement.Application.Contracts", "BlogManagement.Application.Contracts\BlogManagement.Application.Contracts.csproj", "{E469A3A7-7CB8-417B-9288-BAADBC2C7C2F}"
EndProject
Project("{FAE04EC0-301F-11D3-BF4B-00C04F79EFBC}") = "BlogManagement.Infrastructure.EfCore", "BlogManagement.Infrastructure.EfCore\BlogManagement.Infrastructure.EfCore.csproj", "{DD812F54-16F3-4583-B3D0-1DD393BA317A}"
EndProject
Project("{FAE04EC0-301F-11D3-BF4B-00C04F79EFBC}") = "BlogManagement.Infrastructure.Core", "BlogManagement.Infrastructure.Core\BlogManagement.Infrastructure.Core.csproj", "{69CF7CDD-BE64-4C99-ACFB-79FBBBDE96E2}"
EndProject
Global
	GlobalSection(SolutionConfigurationPlatforms) = preSolution
		Debug|Any CPU = Debug|Any CPU
		Release|Any CPU = Release|Any CPU
	EndGlobalSection
	GlobalSection(ProjectConfigurationPlatforms) = postSolution
		{0B594D80-E931-4E69-B89A-6E72DE42DBDB}.Debug|Any CPU.ActiveCfg = Debug|Any CPU
		{0B594D80-E931-4E69-B89A-6E72DE42DBDB}.Debug|Any CPU.Build.0 = Debug|Any CPU
		{0B594D80-E931-4E69-B89A-6E72DE42DBDB}.Release|Any CPU.ActiveCfg = Release|Any CPU
		{0B594D80-E931-4E69-B89A-6E72DE42DBDB}.Release|Any CPU.Build.0 = Release|Any CPU
		{0B00DE6B-5930-43A0-BE6A-A4B8D5F49C0D}.Debug|Any CPU.ActiveCfg = Debug|Any CPU
		{0B00DE6B-5930-43A0-BE6A-A4B8D5F49C0D}.Debug|Any CPU.Build.0 = Debug|Any CPU
		{0B00DE6B-5930-43A0-BE6A-A4B8D5F49C0D}.Release|Any CPU.ActiveCfg = Release|Any CPU
		{0B00DE6B-5930-43A0-BE6A-A4B8D5F49C0D}.Release|Any CPU.Build.0 = Release|Any CPU
		{01EFF25B-1497-4FD3-8315-E35C0194BCEA}.Debug|Any CPU.ActiveCfg = Debug|Any CPU
		{01EFF25B-1497-4FD3-8315-E35C0194BCEA}.Debug|Any CPU.Build.0 = Debug|Any CPU
		{01EFF25B-1497-4FD3-8315-E35C0194BCEA}.Release|Any CPU.ActiveCfg = Release|Any CPU
		{01EFF25B-1497-4FD3-8315-E35C0194BCEA}.Release|Any CPU.Build.0 = Release|Any CPU
		{C39AC2FB-46AC-4B3E-BD2D-D94164D3B54C}.Debug|Any CPU.ActiveCfg = Debug|Any CPU
		{C39AC2FB-46AC-4B3E-BD2D-D94164D3B54C}.Debug|Any CPU.Build.0 = Debug|Any CPU
		{C39AC2FB-46AC-4B3E-BD2D-D94164D3B54C}.Release|Any CPU.ActiveCfg = Release|Any CPU
		{C39AC2FB-46AC-4B3E-BD2D-D94164D3B54C}.Release|Any CPU.Build.0 = Release|Any CPU
		{9D0A3DE6-A66C-43D1-B220-C104130DD5D6}.Debug|Any CPU.ActiveCfg = Debug|Any CPU
		{9D0A3DE6-A66C-43D1-B220-C104130DD5D6}.Debug|Any CPU.Build.0 = Debug|Any CPU
		{9D0A3DE6-A66C-43D1-B220-C104130DD5D6}.Release|Any CPU.ActiveCfg = Release|Any CPU
		{9D0A3DE6-A66C-43D1-B220-C104130DD5D6}.Release|Any CPU.Build.0 = Release|Any CPU
		{CF4D1BFF-D0E0-4EC2-A823-68C10C74902A}.Debug|Any CPU.ActiveCfg = Debug|Any CPU
		{CF4D1BFF-D0E0-4EC2-A823-68C10C74902A}.Debug|Any CPU.Build.0 = Debug|Any CPU
		{CF4D1BFF-D0E0-4EC2-A823-68C10C74902A}.Release|Any CPU.ActiveCfg = Release|Any CPU
		{CF4D1BFF-D0E0-4EC2-A823-68C10C74902A}.Release|Any CPU.Build.0 = Release|Any CPU
		{206AE62F-882C-4AF2-AF49-A4830E9F10EF}.Debug|Any CPU.ActiveCfg = Debug|Any CPU
		{206AE62F-882C-4AF2-AF49-A4830E9F10EF}.Debug|Any CPU.Build.0 = Debug|Any CPU
		{206AE62F-882C-4AF2-AF49-A4830E9F10EF}.Release|Any CPU.ActiveCfg = Release|Any CPU
		{206AE62F-882C-4AF2-AF49-A4830E9F10EF}.Release|Any CPU.Build.0 = Release|Any CPU
		{5F7233AB-EC70-47AC-9C2F-B4F88297114E}.Debug|Any CPU.ActiveCfg = Debug|Any CPU
		{5F7233AB-EC70-47AC-9C2F-B4F88297114E}.Debug|Any CPU.Build.0 = Debug|Any CPU
		{5F7233AB-EC70-47AC-9C2F-B4F88297114E}.Release|Any CPU.ActiveCfg = Release|Any CPU
		{5F7233AB-EC70-47AC-9C2F-B4F88297114E}.Release|Any CPU.Build.0 = Release|Any CPU
		{AD382A50-A590-4AE9-9755-F8331EADE0C7}.Debug|Any CPU.ActiveCfg = Debug|Any CPU
		{AD382A50-A590-4AE9-9755-F8331EADE0C7}.Debug|Any CPU.Build.0 = Debug|Any CPU
		{AD382A50-A590-4AE9-9755-F8331EADE0C7}.Release|Any CPU.ActiveCfg = Release|Any CPU
		{AD382A50-A590-4AE9-9755-F8331EADE0C7}.Release|Any CPU.Build.0 = Release|Any CPU
		{107DFDCB-B741-4BAB-86D0-52FCBC33964E}.Debug|Any CPU.ActiveCfg = Debug|Any CPU
		{107DFDCB-B741-4BAB-86D0-52FCBC33964E}.Debug|Any CPU.Build.0 = Debug|Any CPU
		{107DFDCB-B741-4BAB-86D0-52FCBC33964E}.Release|Any CPU.ActiveCfg = Release|Any CPU
		{107DFDCB-B741-4BAB-86D0-52FCBC33964E}.Release|Any CPU.Build.0 = Release|Any CPU
		{D58B4718-23D6-4181-8B13-25DDA150E426}.Debug|Any CPU.ActiveCfg = Debug|Any CPU
		{D58B4718-23D6-4181-8B13-25DDA150E426}.Debug|Any CPU.Build.0 = Debug|Any CPU
		{D58B4718-23D6-4181-8B13-25DDA150E426}.Release|Any CPU.ActiveCfg = Release|Any CPU
		{D58B4718-23D6-4181-8B13-25DDA150E426}.Release|Any CPU.Build.0 = Release|Any CPU
		{DD064F78-49A9-408A-9623-34E2EF7517AE}.Debug|Any CPU.ActiveCfg = Debug|Any CPU
		{DD064F78-49A9-408A-9623-34E2EF7517AE}.Debug|Any CPU.Build.0 = Debug|Any CPU
		{DD064F78-49A9-408A-9623-34E2EF7517AE}.Release|Any CPU.ActiveCfg = Release|Any CPU
		{DD064F78-49A9-408A-9623-34E2EF7517AE}.Release|Any CPU.Build.0 = Release|Any CPU
		{21E32E38-38D3-4AC0-A54E-F364478F64BA}.Debug|Any CPU.ActiveCfg = Debug|Any CPU
		{21E32E38-38D3-4AC0-A54E-F364478F64BA}.Debug|Any CPU.Build.0 = Debug|Any CPU
		{21E32E38-38D3-4AC0-A54E-F364478F64BA}.Release|Any CPU.ActiveCfg = Release|Any CPU
		{21E32E38-38D3-4AC0-A54E-F364478F64BA}.Release|Any CPU.Build.0 = Release|Any CPU
		{D096AFCF-2EBB-480D-AFC9-EBFAE25BD81F}.Debug|Any CPU.ActiveCfg = Debug|Any CPU
		{D096AFCF-2EBB-480D-AFC9-EBFAE25BD81F}.Debug|Any CPU.Build.0 = Debug|Any CPU
		{D096AFCF-2EBB-480D-AFC9-EBFAE25BD81F}.Release|Any CPU.ActiveCfg = Release|Any CPU
		{D096AFCF-2EBB-480D-AFC9-EBFAE25BD81F}.Release|Any CPU.Build.0 = Release|Any CPU
		{1E7383E9-2E3B-494C-9634-833A46E5C3BB}.Debug|Any CPU.ActiveCfg = Debug|Any CPU
		{1E7383E9-2E3B-494C-9634-833A46E5C3BB}.Debug|Any CPU.Build.0 = Debug|Any CPU
		{1E7383E9-2E3B-494C-9634-833A46E5C3BB}.Release|Any CPU.ActiveCfg = Release|Any CPU
		{1E7383E9-2E3B-494C-9634-833A46E5C3BB}.Release|Any CPU.Build.0 = Release|Any CPU
		{FF51500B-8DA5-4EB4-97E5-44AC4CA3E1C9}.Debug|Any CPU.ActiveCfg = Debug|Any CPU
		{FF51500B-8DA5-4EB4-97E5-44AC4CA3E1C9}.Debug|Any CPU.Build.0 = Debug|Any CPU
		{FF51500B-8DA5-4EB4-97E5-44AC4CA3E1C9}.Release|Any CPU.ActiveCfg = Release|Any CPU
		{FF51500B-8DA5-4EB4-97E5-44AC4CA3E1C9}.Release|Any CPU.Build.0 = Release|Any CPU
		{11D51925-67C2-4169-A030-DBC919E3E0C2}.Debug|Any CPU.ActiveCfg = Debug|Any CPU
		{11D51925-67C2-4169-A030-DBC919E3E0C2}.Debug|Any CPU.Build.0 = Debug|Any CPU
		{11D51925-67C2-4169-A030-DBC919E3E0C2}.Release|Any CPU.ActiveCfg = Release|Any CPU
		{11D51925-67C2-4169-A030-DBC919E3E0C2}.Release|Any CPU.Build.0 = Release|Any CPU
		{0605542A-4D77-48C1-8C36-9DD0EDA3DDE1}.Debug|Any CPU.ActiveCfg = Debug|Any CPU
		{0605542A-4D77-48C1-8C36-9DD0EDA3DDE1}.Debug|Any CPU.Build.0 = Debug|Any CPU
		{0605542A-4D77-48C1-8C36-9DD0EDA3DDE1}.Release|Any CPU.ActiveCfg = Release|Any CPU
		{0605542A-4D77-48C1-8C36-9DD0EDA3DDE1}.Release|Any CPU.Build.0 = Release|Any CPU
		{64521AFE-13B5-406E-BF4D-206050E26BB9}.Debug|Any CPU.ActiveCfg = Debug|Any CPU
		{64521AFE-13B5-406E-BF4D-206050E26BB9}.Debug|Any CPU.Build.0 = Debug|Any CPU
		{64521AFE-13B5-406E-BF4D-206050E26BB9}.Release|Any CPU.ActiveCfg = Release|Any CPU
		{64521AFE-13B5-406E-BF4D-206050E26BB9}.Release|Any CPU.Build.0 = Release|Any CPU
		{473B70D9-E2EA-4E36-8953-1840078A3625}.Debug|Any CPU.ActiveCfg = Debug|Any CPU
		{473B70D9-E2EA-4E36-8953-1840078A3625}.Debug|Any CPU.Build.0 = Debug|Any CPU
		{473B70D9-E2EA-4E36-8953-1840078A3625}.Release|Any CPU.ActiveCfg = Release|Any CPU
		{473B70D9-E2EA-4E36-8953-1840078A3625}.Release|Any CPU.Build.0 = Release|Any CPU
		{E469A3A7-7CB8-417B-9288-BAADBC2C7C2F}.Debug|Any CPU.ActiveCfg = Debug|Any CPU
		{E469A3A7-7CB8-417B-9288-BAADBC2C7C2F}.Debug|Any CPU.Build.0 = Debug|Any CPU
		{E469A3A7-7CB8-417B-9288-BAADBC2C7C2F}.Release|Any CPU.ActiveCfg = Release|Any CPU
		{E469A3A7-7CB8-417B-9288-BAADBC2C7C2F}.Release|Any CPU.Build.0 = Release|Any CPU
		{DD812F54-16F3-4583-B3D0-1DD393BA317A}.Debug|Any CPU.ActiveCfg = Debug|Any CPU
		{DD812F54-16F3-4583-B3D0-1DD393BA317A}.Debug|Any CPU.Build.0 = Debug|Any CPU
		{DD812F54-16F3-4583-B3D0-1DD393BA317A}.Release|Any CPU.ActiveCfg = Release|Any CPU
		{DD812F54-16F3-4583-B3D0-1DD393BA317A}.Release|Any CPU.Build.0 = Release|Any CPU
		{69CF7CDD-BE64-4C99-ACFB-79FBBBDE96E2}.Debug|Any CPU.ActiveCfg = Debug|Any CPU
		{69CF7CDD-BE64-4C99-ACFB-79FBBBDE96E2}.Debug|Any CPU.Build.0 = Debug|Any CPU
		{69CF7CDD-BE64-4C99-ACFB-79FBBBDE96E2}.Release|Any CPU.ActiveCfg = Release|Any CPU
		{69CF7CDD-BE64-4C99-ACFB-79FBBBDE96E2}.Release|Any CPU.Build.0 = Release|Any CPU
	EndGlobalSection
	GlobalSection(SolutionProperties) = preSolution
		HideSolutionNode = FALSE
	EndGlobalSection
	GlobalSection(NestedProjects) = preSolution
		{B44FA8C8-9FC9-4C4A-AD89-722383D349B9} = {D8FCB15B-D69C-4AC6-8BF2-FEA277D6A68B}
		{0B594D80-E931-4E69-B89A-6E72DE42DBDB} = {B44FA8C8-9FC9-4C4A-AD89-722383D349B9}
		{5161101E-B9FB-4FF2-8CC2-59E9B718DBB6} = {D8FCB15B-D69C-4AC6-8BF2-FEA277D6A68B}
		{01EFF25B-1497-4FD3-8315-E35C0194BCEA} = {5161101E-B9FB-4FF2-8CC2-59E9B718DBB6}
		{C39AC2FB-46AC-4B3E-BD2D-D94164D3B54C} = {5161101E-B9FB-4FF2-8CC2-59E9B718DBB6}
		{C30F6795-CA0A-44D9-AF7E-45F753C290A7} = {D8FCB15B-D69C-4AC6-8BF2-FEA277D6A68B}
		{9D0A3DE6-A66C-43D1-B220-C104130DD5D6} = {C30F6795-CA0A-44D9-AF7E-45F753C290A7}
		{CF4D1BFF-D0E0-4EC2-A823-68C10C74902A} = {C30F6795-CA0A-44D9-AF7E-45F753C290A7}
		{090080B5-6C5A-4ABF-9B8D-99C7E2E98C47} = {70FF1E77-65B0-447A-94C7-FA3AB1627973}
		{9936C317-39C5-4161-B74F-3DED2BAF158A} = {70FF1E77-65B0-447A-94C7-FA3AB1627973}
		{18FBDB94-C808-4036-8C64-CCF203A79C66} = {70FF1E77-65B0-447A-94C7-FA3AB1627973}
		{AD382A50-A590-4AE9-9755-F8331EADE0C7} = {090080B5-6C5A-4ABF-9B8D-99C7E2E98C47}
		{107DFDCB-B741-4BAB-86D0-52FCBC33964E} = {9936C317-39C5-4161-B74F-3DED2BAF158A}
		{D58B4718-23D6-4181-8B13-25DDA150E426} = {9936C317-39C5-4161-B74F-3DED2BAF158A}
		{DD064F78-49A9-408A-9623-34E2EF7517AE} = {18FBDB94-C808-4036-8C64-CCF203A79C66}
		{21E32E38-38D3-4AC0-A54E-F364478F64BA} = {18FBDB94-C808-4036-8C64-CCF203A79C66}
		{1F7EF8B4-5FC4-4E6D-8927-6856F2C3957F} = {537655F0-7ADF-4421-BCE3-35B5A324566D}
		{B638355F-758A-4997-A8F3-529E72F30960} = {537655F0-7ADF-4421-BCE3-35B5A324566D}
		{CFBD5C96-DB47-4C1F-84CC-3C3F453A7BC6} = {537655F0-7ADF-4421-BCE3-35B5A324566D}
		{D096AFCF-2EBB-480D-AFC9-EBFAE25BD81F} = {1F7EF8B4-5FC4-4E6D-8927-6856F2C3957F}
		{1E7383E9-2E3B-494C-9634-833A46E5C3BB} = {B638355F-758A-4997-A8F3-529E72F30960}
		{FF51500B-8DA5-4EB4-97E5-44AC4CA3E1C9} = {B638355F-758A-4997-A8F3-529E72F30960}
		{11D51925-67C2-4169-A030-DBC919E3E0C2} = {CFBD5C96-DB47-4C1F-84CC-3C3F453A7BC6}
		{0605542A-4D77-48C1-8C36-9DD0EDA3DDE1} = {CFBD5C96-DB47-4C1F-84CC-3C3F453A7BC6}
		{2803AD80-6649-4B01-BC84-0CB979E5A202} = {2F4C8FC0-9A5C-47C7-A6B7-2FDDA953B6FB}
		{78F33204-1B7E-46DB-908B-D9F86C41AF44} = {2F4C8FC0-9A5C-47C7-A6B7-2FDDA953B6FB}
		{9F730A9A-E12B-437F-8C51-B36991C53994} = {2F4C8FC0-9A5C-47C7-A6B7-2FDDA953B6FB}
		{64521AFE-13B5-406E-BF4D-206050E26BB9} = {2803AD80-6649-4B01-BC84-0CB979E5A202}
		{473B70D9-E2EA-4E36-8953-1840078A3625} = {78F33204-1B7E-46DB-908B-D9F86C41AF44}
		{E469A3A7-7CB8-417B-9288-BAADBC2C7C2F} = {78F33204-1B7E-46DB-908B-D9F86C41AF44}
		{DD812F54-16F3-4583-B3D0-1DD393BA317A} = {9F730A9A-E12B-437F-8C51-B36991C53994}
		{69CF7CDD-BE64-4C99-ACFB-79FBBBDE96E2} = {9F730A9A-E12B-437F-8C51-B36991C53994}
	EndGlobalSection
	GlobalSection(ExtensibilityGlobals) = postSolution
		SolutionGuid = {DA67B74C-2AC5-4A5B-8341-8F370FED5BF8}
	EndGlobalSection
EndGlobal
